
Microsoft Visual Studio Solution File, Format Version 12.00
# Visual Studio Version 16
VisualStudioVersion = 16.0.810.17
MinimumVisualStudioVersion = 10.0.40219.1
Project("{FAE04EC0-301F-11D3-BF4B-00C04F79EFBC}") = "Xam.Plugin.LinkedIn.LiTr.Filters", "Xam.Plugin.LinkedIn.LiTr.Filters.csproj", "{CC3EA119-C670-4B86-87F4-1D373D830DAF}"
EndProject
Global
	GlobalSection(SolutionConfigurationPlatforms) = preSolution
		Debug|Any CPU = Debug|Any CPU
		Release|Any CPU = Release|Any CPU
	EndGlobalSection
	GlobalSection(ProjectConfigurationPlatforms) = postSolution
		{CC3EA119-C670-4B86-87F4-1D373D830DAF}.Debug|Any CPU.ActiveCfg = Debug|Any CPU
		{CC3EA119-C670-4B86-87F4-1D373D830DAF}.Debug|Any CPU.Build.0 = Debug|Any CPU
		{CC3EA119-C670-4B86-87F4-1D373D830DAF}.Release|Any CPU.ActiveCfg = Release|Any CPU
		{CC3EA119-C670-4B86-87F4-1D373D830DAF}.Release|Any CPU.Build.0 = Release|Any CPU
	EndGlobalSection
	GlobalSection(SolutionProperties) = preSolution
		HideSolutionNode = FALSE
	EndGlobalSection
	GlobalSection(ExtensibilityGlobals) = postSolution
		SolutionGuid = {03447244-C21C-467F-BB55-A8A951DF2CDC}
	EndGlobalSection
EndGlobal
